<Solution>
  <Folder Name="/Solution Items/">
    <File Path=".editorconfig" />
    <File Path=".gitignore" />
    <File Path="exclusion.dic" />
    <File Path="global.json" />
    <File Path="LICENSE" />
    <File Path="nuget-key.txt" />
    <File Path="README.md" />
    <File Path="version.json" />
  </Folder>
  <Project Path="Datadog.Api.Test/Datadog.Api.Test.csproj" />
  <Project Path="Datadog.Api/Datadog.Api.csproj" />
</Solution>
